
Microsoft Visual Studio Solution File, Format Version 12.00
# Visual Studio 15
VisualStudioVersion = 15.0.28307.489
MinimumVisualStudioVersion = 10.0.40219.1
Project("{FAE04EC0-301F-11D3-BF4B-00C04F79EFBC}") = "StudentExercises5", "StudentExercises5\StudentExercises5.csproj", "{41593E6B-11A7-40D9-9BFC-5CE40779858C}"
EndProject
Global
	GlobalSection(SolutionConfigurationPlatforms) = preSolution
		Debug|Any CPU = Debug|Any CPU
		Release|Any CPU = Release|Any CPU
	EndGlobalSection
	GlobalSection(ProjectConfigurationPlatforms) = postSolution
		{41593E6B-11A7-40D9-9BFC-5CE40779858C}.Debug|Any CPU.ActiveCfg = Debug|Any CPU
		{41593E6B-11A7-40D9-9BFC-5CE40779858C}.Debug|Any CPU.Build.0 = Debug|Any CPU
		{41593E6B-11A7-40D9-9BFC-5CE40779858C}.Release|Any CPU.ActiveCfg = Release|Any CPU
		{41593E6B-11A7-40D9-9BFC-5CE40779858C}.Release|Any CPU.Build.0 = Release|Any CPU
	EndGlobalSection
	GlobalSection(SolutionProperties) = preSolution
		HideSolutionNode = FALSE
	EndGlobalSection
	GlobalSection(ExtensibilityGlobals) = postSolution
		SolutionGuid = {937EB461-7B91-4CBC-9D11-BEB61147AE78}
	EndGlobalSection
EndGlobal
